
Microsoft Visual Studio Solution File, Format Version 12.00
# Visual Studio Version 16
VisualStudioVersion = 16.0.29709.97
MinimumVisualStudioVersion = 10.0.40219.1
Project("{FAE04EC0-301F-11D3-BF4B-00C04F79EFBC}") = "EonixInterview.Tests", "EonixInterview.Tests\EonixInterview.Tests.csproj", "{EC1DFF37-3544-4E35-86C8-B5FE7B36D17E}"
EndProject
Project("{FAE04EC0-301F-11D3-BF4B-00C04F79EFBC}") = "EonixInterview", "EonixInterview\EonixInterview.csproj", "{EC774A65-B10E-42D2-924C-3B7431E46371}"
EndProject
Global
	GlobalSection(SolutionConfigurationPlatforms) = preSolution
		Debug|Any CPU = Debug|Any CPU
		Release|Any CPU = Release|Any CPU
	EndGlobalSection
	GlobalSection(ProjectConfigurationPlatforms) = postSolution
		{EC1DFF37-3544-4E35-86C8-B5FE7B36D17E}.Debug|Any CPU.ActiveCfg = Debug|Any CPU
		{EC1DFF37-3544-4E35-86C8-B5FE7B36D17E}.Debug|Any CPU.Build.0 = Debug|Any CPU
		{EC1DFF37-3544-4E35-86C8-B5FE7B36D17E}.Release|Any CPU.ActiveCfg = Release|Any CPU
		{EC1DFF37-3544-4E35-86C8-B5FE7B36D17E}.Release|Any CPU.Build.0 = Release|Any CPU
		{EC774A65-B10E-42D2-924C-3B7431E46371}.Debug|Any CPU.ActiveCfg = Debug|Any CPU
		{EC774A65-B10E-42D2-924C-3B7431E46371}.Debug|Any CPU.Build.0 = Debug|Any CPU
		{EC774A65-B10E-42D2-924C-3B7431E46371}.Release|Any CPU.ActiveCfg = Release|Any CPU
		{EC774A65-B10E-42D2-924C-3B7431E46371}.Release|Any CPU.Build.0 = Release|Any CPU
	EndGlobalSection
	GlobalSection(SolutionProperties) = preSolution
		HideSolutionNode = FALSE
	EndGlobalSection
	GlobalSection(ExtensibilityGlobals) = postSolution
		SolutionGuid = {70B50D99-1F9B-4BBE-8394-21B818FF6C37}
	EndGlobalSection
EndGlobal
